// !$*UTF8*$!
{
	archiveVersion = 1;
	classes = {
	};
	objectVersion = 46;
	objects = {

/* Begin PBXBuildFile section */
		4104537D17208B9B0038F985 /* BitcoinAddrMessage.m in Sources */ = {isa = PBXBuildFile; fileRef = 4104537C17208B9B0038F985 /* BitcoinAddrMessage.m */; };
		4104538017209DDB0038F985 /* BitcoinInvMessage.m in Sources */ = {isa = PBXBuildFile; fileRef = 4104537F17209DDB0038F985 /* BitcoinInvMessage.m */; };
		4104538317209E7A0038F985 /* BitcoinInventoryVector.m in Sources */ = {isa = PBXBuildFile; fileRef = 4104538217209E7A0038F985 /* BitcoinInventoryVector.m */; };
		412BFD391721F5E9008FF441 /* BitcoinGetdataMessage.m in Sources */ = {isa = PBXBuildFile; fileRef = 412BFD381721F5E9008FF441 /* BitcoinGetdataMessage.m */; };
		412BFD3C1721FB32008FF441 /* BitcoinGetblocksMessage.m in Sources */ = {isa = PBXBuildFile; fileRef = 412BFD3B1721FB31008FF441 /* BitcoinGetblocksMessage.m */; };
		412BFD4017225125008FF441 /* BitcoinBlock.m in Sources */ = {isa = PBXBuildFile; fileRef = 412BFD3F17225124008FF441 /* BitcoinBlock.m */; };
		412BFD43172503F8008FF441 /* BitcoinHeadersMessage.m in Sources */ = {isa = PBXBuildFile; fileRef = 412BFD42172503F8008FF441 /* BitcoinHeadersMessage.m */; };
		412BFD601728374E008FF441 /* BitcoinTransaction.m in Sources */ = {isa = PBXBuildFile; fileRef = 412BFD5F1728374E008FF441 /* BitcoinTransaction.m */; };
		4138AAB8171472270023BA3C /* DDAbstractDatabaseLogger.m in Sources */ = {isa = PBXBuildFile; fileRef = 4138AAA9171472270023BA3C /* DDAbstractDatabaseLogger.m */; };
		4138AAB9171472270023BA3C /* DDASLLogger.m in Sources */ = {isa = PBXBuildFile; fileRef = 4138AAAB171472270023BA3C /* DDASLLogger.m */; };
		4138AABA171472270023BA3C /* DDFileLogger.m in Sources */ = {isa = PBXBuildFile; fileRef = 4138AAAD171472270023BA3C /* DDFileLogger.m */; };
		4138AABB171472270023BA3C /* DDLog.m in Sources */ = {isa = PBXBuildFile; fileRef = 4138AAAF171472270023BA3C /* DDLog.m */; };
		4138AABC171472270023BA3C /* DDTTYLogger.m in Sources */ = {isa = PBXBuildFile; fileRef = 4138AAB1171472270023BA3C /* DDTTYLogger.m */; };
		4138AABD171472270023BA3C /* ContextFilterLogFormatter.m in Sources */ = {isa = PBXBuildFile; fileRef = 4138AAB4171472270023BA3C /* ContextFilterLogFormatter.m */; };
		4138AABE171472270023BA3C /* DispatchQueueLogFormatter.m in Sources */ = {isa = PBXBuildFile; fileRef = 4138AAB6171472270023BA3C /* DispatchQueueLogFormatter.m */; };
		4138ABA2171472580023BA3C /* GCDAsyncSocket.m in Sources */ = {isa = PBXBuildFile; fileRef = 4138AAC3171472570023BA3C /* GCDAsyncSocket.m */; };
		4138AC20171472FF0023BA3C /* Security.framework in Frameworks */ = {isa = PBXBuildFile; fileRef = 4138AC1F171472FF0023BA3C /* Security.framework */; };
		4138AC231715C6290023BA3C /* NSData+CryptoHashing.m in Sources */ = {isa = PBXBuildFile; fileRef = 4138AC221715C6290023BA3C /* NSData+CryptoHashing.m */; };
		413C1814171A24E900EAD404 /* BitcoinMessageHeader.m in Sources */ = {isa = PBXBuildFile; fileRef = 413C1813171A24E900EAD404 /* BitcoinMessageHeader.m */; };
		413C1817171A43D700EAD404 /* BitcoinVersionMessage.m in Sources */ = {isa = PBXBuildFile; fileRef = 413C1816171A43D700EAD404 /* BitcoinVersionMessage.m */; };
		413C181A171B166C00EAD404 /* BitcoinVarInt.m in Sources */ = {isa = PBXBuildFile; fileRef = 413C1819171B166C00EAD404 /* BitcoinVarInt.m */; };
		413C181D171B173300EAD404 /* BitcoinAddress.m in Sources */ = {isa = PBXBuildFile; fileRef = 413C181C171B173300EAD404 /* BitcoinAddress.m */; };
		413C1820171BB9A100EAD404 /* NSData+Integer.m in Sources */ = {isa = PBXBuildFile; fileRef = 413C181F171BB9A100EAD404 /* NSData+Integer.m */; };
		4147F4F6172C9A5B001F5D23 /* NSString+StringToHexData.m in Sources */ = {isa = PBXBuildFile; fileRef = 4147F4F5172C9A5B001F5D23 /* NSString+StringToHexData.m */; };
		4147F4FC172C9AED001F5D23 /* NSData+DataToHexString.m in Sources */ = {isa = PBXBuildFile; fileRef = 4147F4FB172C9AED001F5D23 /* NSData+DataToHexString.m */; };
		4147F4FF172CCD58001F5D23 /* BitcoinBlockChain.m in Sources */ = {isa = PBXBuildFile; fileRef = 4147F4FE172CCD57001F5D23 /* BitcoinBlockChain.m */; };
		4147F502172CF0B2001F5D23 /* NSData+ReverseBytes.m in Sources */ = {isa = PBXBuildFile; fileRef = 4147F501172CF0B2001F5D23 /* NSData+ReverseBytes.m */; };
		418DFCD3171F52BA0025F3A0 /* BitcoinPeer.m in Sources */ = {isa = PBXBuildFile; fileRef = 418DFCD2171F52BA0025F3A0 /* BitcoinPeer.m */; };
		418DFCD6171F69D10025F3A0 /* ConnectionManager.m in Sources */ = {isa = PBXBuildFile; fileRef = 418DFCD5171F69D10025F3A0 /* ConnectionManager.m */; };
		41B757021712323B005931AE /* Cocoa.framework in Frameworks */ = {isa = PBXBuildFile; fileRef = 41B757011712323B005931AE /* Cocoa.framework */; };
		41B7570C1712323B005931AE /* InfoPlist.strings in Resources */ = {isa = PBXBuildFile; fileRef = 41B7570A1712323B005931AE /* InfoPlist.strings */; };
		41B7570E1712323B005931AE /* main.m in Sources */ = {isa = PBXBuildFile; fileRef = 41B7570D1712323B005931AE /* main.m */; };
		41B757121712323B005931AE /* Credits.rtf in Resources */ = {isa = PBXBuildFile; fileRef = 41B757101712323B005931AE /* Credits.rtf */; };
		41B757151712323B005931AE /* AppDelegate.m in Sources */ = {isa = PBXBuildFile; fileRef = 41B757141712323B005931AE /* AppDelegate.m */; };
		41B757181712323B005931AE /* MainMenu.xib in Resources */ = {isa = PBXBuildFile; fileRef = 41B757161712323B005931AE /* MainMenu.xib */; };
		41B757201712323B005931AE /* SenTestingKit.framework in Frameworks */ = {isa = PBXBuildFile; fileRef = 41B7571F1712323B005931AE /* SenTestingKit.framework */; };
		41B757211712323B005931AE /* Cocoa.framework in Frameworks */ = {isa = PBXBuildFile; fileRef = 41B757011712323B005931AE /* Cocoa.framework */; };
		41B757291712323B005931AE /* InfoPlist.strings in Resources */ = {isa = PBXBuildFile; fileRef = 41B757271712323B005931AE /* InfoPlist.strings */; };
		41B7572C1712323B005931AE /* MacBitCoinTests.m in Sources */ = {isa = PBXBuildFile; fileRef = 41B7572B1712323B005931AE /* MacBitCoinTests.m */; };
/* End PBXBuildFile section */

/* Begin PBXContainerItemProxy section */
		41B757221712323B005931AE /* PBXContainerItemProxy */ = {
			isa = PBXContainerItemProxy;
			containerPortal = 41B756F61712323B005931AE /* Project object */;
			proxyType = 1;
			remoteGlobalIDString = 41B756FD1712323B005931AE;
			remoteInfo = MacBitCoin;
		};
/* End PBXContainerItemProxy section */

/* Begin PBXFileReference section */
		4104537B17208B9B0038F985 /* BitcoinAddrMessage.h */ = {isa = PBXFileReference; fileEncoding = 4; lastKnownFileType = sourcecode.c.h; path = BitcoinAddrMessage.h; sourceTree = "<group>"; };
		4104537C17208B9B0038F985 /* BitcoinAddrMessage.m */ = {isa = PBXFileReference; fileEncoding = 4; lastKnownFileType = sourcecode.c.objc; path = BitcoinAddrMessage.m; sourceTree = "<group>"; };
		4104537E17209DDB0038F985 /* BitcoinInvMessage.h */ = {isa = PBXFileReference; fileEncoding = 4; lastKnownFileType = sourcecode.c.h; path = BitcoinInvMessage.h; sourceTree = "<group>"; };
		4104537F17209DDB0038F985 /* BitcoinInvMessage.m */ = {isa = PBXFileReference; fileEncoding = 4; lastKnownFileType = sourcecode.c.objc; path = BitcoinInvMessage.m; sourceTree = "<group>"; };
		4104538117209E7A0038F985 /* BitcoinInventoryVector.h */ = {isa = PBXFileReference; fileEncoding = 4; lastKnownFileType = sourcecode.c.h; path = BitcoinInventoryVector.h; sourceTree = "<group>"; };
		4104538217209E7A0038F985 /* BitcoinInventoryVector.m */ = {isa = PBXFileReference; fileEncoding = 4; lastKnownFileType = sourcecode.c.objc; path = BitcoinInventoryVector.m; sourceTree = "<group>"; };
		412BFD371721F5E9008FF441 /* BitcoinGetdataMessage.h */ = {isa = PBXFileReference; fileEncoding = 4; lastKnownFileType = sourcecode.c.h; path = BitcoinGetdataMessage.h; sourceTree = "<group>"; };
		412BFD381721F5E9008FF441 /* BitcoinGetdataMessage.m */ = {isa = PBXFileReference; fileEncoding = 4; lastKnownFileType = sourcecode.c.objc; path = BitcoinGetdataMessage.m; sourceTree = "<group>"; };
		412BFD3A1721FB31008FF441 /* BitcoinGetblocksMessage.h */ = {isa = PBXFileReference; fileEncoding = 4; lastKnownFileType = sourcecode.c.h; path = BitcoinGetblocksMessage.h; sourceTree = "<group>"; };
		412BFD3B1721FB31008FF441 /* BitcoinGetblocksMessage.m */ = {isa = PBXFileReference; fileEncoding = 4; lastKnownFileType = sourcecode.c.objc; path = BitcoinGetblocksMessage.m; sourceTree = "<group>"; };
		412BFD3D17224AD1008FF441 /* Definitions.h */ = {isa = PBXFileReference; lastKnownFileType = sourcecode.c.h; path = Definitions.h; sourceTree = "<group>"; };
		412BFD3E17225124008FF441 /* BitcoinBlock.h */ = {isa = PBXFileReference; fileEncoding = 4; lastKnownFileType = sourcecode.c.h; path = BitcoinBlock.h; sourceTree = "<group>"; };
		412BFD3F17225124008FF441 /* BitcoinBlock.m */ = {isa = PBXFileReference; fileEncoding = 4; lastKnownFileType = sourcecode.c.objc; path = BitcoinBlock.m; sourceTree = "<group>"; };
		412BFD41172503F8008FF441 /* BitcoinHeadersMessage.h */ = {isa = PBXFileReference; fileEncoding = 4; lastKnownFileType = sourcecode.c.h; path = BitcoinHeadersMessage.h; sourceTree = "<group>"; };
		412BFD42172503F8008FF441 /* BitcoinHeadersMessage.m */ = {isa = PBXFileReference; fileEncoding = 4; lastKnownFileType = sourcecode.c.objc; path = BitcoinHeadersMessage.m; sourceTree = "<group>"; };
		412BFD5E1728374D008FF441 /* BitcoinTransaction.h */ = {isa = PBXFileReference; fileEncoding = 4; lastKnownFileType = sourcecode.c.h; path = BitcoinTransaction.h; sourceTree = "<group>"; };
		412BFD5F1728374E008FF441 /* BitcoinTransaction.m */ = {isa = PBXFileReference; fileEncoding = 4; lastKnownFileType = sourcecode.c.objc; path = BitcoinTransaction.m; sourceTree = "<group>"; };
		4138AAA8171472270023BA3C /* DDAbstractDatabaseLogger.h */ = {isa = PBXFileReference; fileEncoding = 4; lastKnownFileType = sourcecode.c.h; path = DDAbstractDatabaseLogger.h; sourceTree = "<group>"; };
		4138AAA9171472270023BA3C /* DDAbstractDatabaseLogger.m */ = {isa = PBXFileReference; fileEncoding = 4; lastKnownFileType = sourcecode.c.objc; path = DDAbstractDatabaseLogger.m; sourceTree = "<group>"; };
		4138AAAA171472270023BA3C /* DDASLLogger.h */ = {isa = PBXFileReference; fileEncoding = 4; lastKnownFileType = sourcecode.c.h; path = DDASLLogger.h; sourceTree = "<group>"; };
		4138AAAB171472270023BA3C /* DDASLLogger.m */ = {isa = PBXFileReference; fileEncoding = 4; lastKnownFileType = sourcecode.c.objc; path = DDASLLogger.m; sourceTree = "<group>"; };
		4138AAAC171472270023BA3C /* DDFileLogger.h */ = {isa = PBXFileReference; fileEncoding = 4; lastKnownFileType = sourcecode.c.h; path = DDFileLogger.h; sourceTree = "<group>"; };
		4138AAAD171472270023BA3C /* DDFileLogger.m */ = {isa = PBXFileReference; fileEncoding = 4; lastKnownFileType = sourcecode.c.objc; path = DDFileLogger.m; sourceTree = "<group>"; };
		4138AAAE171472270023BA3C /* DDLog.h */ = {isa = PBXFileReference; fileEncoding = 4; lastKnownFileType = sourcecode.c.h; path = DDLog.h; sourceTree = "<group>"; };
		4138AAAF171472270023BA3C /* DDLog.m */ = {isa = PBXFileReference; fileEncoding = 4; lastKnownFileType = sourcecode.c.objc; path = DDLog.m; sourceTree = "<group>"; };
		4138AAB0171472270023BA3C /* DDTTYLogger.h */ = {isa = PBXFileReference; fileEncoding = 4; lastKnownFileType = sourcecode.c.h; path = DDTTYLogger.h; sourceTree = "<group>"; };
		4138AAB1171472270023BA3C /* DDTTYLogger.m */ = {isa = PBXFileReference; fileEncoding = 4; lastKnownFileType = sourcecode.c.objc; path = DDTTYLogger.m; sourceTree = "<group>"; };
		4138AAB3171472270023BA3C /* ContextFilterLogFormatter.h */ = {isa = PBXFileReference; fileEncoding = 4; lastKnownFileType = sourcecode.c.h; path = ContextFilterLogFormatter.h; sourceTree = "<group>"; };
		4138AAB4171472270023BA3C /* ContextFilterLogFormatter.m */ = {isa = PBXFileReference; fileEncoding = 4; lastKnownFileType = sourcecode.c.objc; path = ContextFilterLogFormatter.m; sourceTree = "<group>"; };
		4138AAB5171472270023BA3C /* DispatchQueueLogFormatter.h */ = {isa = PBXFileReference; fileEncoding = 4; lastKnownFileType = sourcecode.c.h; path = DispatchQueueLogFormatter.h; sourceTree = "<group>"; };
		4138AAB6171472270023BA3C /* DispatchQueueLogFormatter.m */ = {isa = PBXFileReference; fileEncoding = 4; lastKnownFileType = sourcecode.c.objc; path = DispatchQueueLogFormatter.m; sourceTree = "<group>"; };
		4138AAB7171472270023BA3C /* README.txt */ = {isa = PBXFileReference; fileEncoding = 4; lastKnownFileType = text; path = README.txt; sourceTree = "<group>"; };
		4138AAC2171472570023BA3C /* GCDAsyncSocket.h */ = {isa = PBXFileReference; fileEncoding = 4; lastKnownFileType = sourcecode.c.h; path = GCDAsyncSocket.h; sourceTree = "<group>"; };
		4138AAC3171472570023BA3C /* GCDAsyncSocket.m */ = {isa = PBXFileReference; fileEncoding = 4; lastKnownFileType = sourcecode.c.objc; path = GCDAsyncSocket.m; sourceTree = "<group>"; };
		4138AC1F171472FF0023BA3C /* Security.framework */ = {isa = PBXFileReference; lastKnownFileType = wrapper.framework; name = Security.framework; path = System/Library/Frameworks/Security.framework; sourceTree = SDKROOT; };
		4138AC211715C6290023BA3C /* NSData+CryptoHashing.h */ = {isa = PBXFileReference; fileEncoding = 4; lastKnownFileType = sourcecode.c.h; path = "NSData+CryptoHashing.h"; sourceTree = "<group>"; };
		4138AC221715C6290023BA3C /* NSData+CryptoHashing.m */ = {isa = PBXFileReference; fileEncoding = 4; lastKnownFileType = sourcecode.c.objc; path = "NSData+CryptoHashing.m"; sourceTree = "<group>"; };
		413C1812171A24E900EAD404 /* BitcoinMessageHeader.h */ = {isa = PBXFileReference; fileEncoding = 4; lastKnownFileType = sourcecode.c.h; path = BitcoinMessageHeader.h; sourceTree = "<group>"; };
		413C1813171A24E900EAD404 /* BitcoinMessageHeader.m */ = {isa = PBXFileReference; fileEncoding = 4; lastKnownFileType = sourcecode.c.objc; path = BitcoinMessageHeader.m; sourceTree = "<group>"; };
		413C1815171A43D700EAD404 /* BitcoinVersionMessage.h */ = {isa = PBXFileReference; fileEncoding = 4; lastKnownFileType = sourcecode.c.h; path = BitcoinVersionMessage.h; sourceTree = "<group>"; };
		413C1816171A43D700EAD404 /* BitcoinVersionMessage.m */ = {isa = PBXFileReference; fileEncoding = 4; lastKnownFileType = sourcecode.c.objc; path = BitcoinVersionMessage.m; sourceTree = "<group>"; };
		413C1818171B166C00EAD404 /* BitcoinVarInt.h */ = {isa = PBXFileReference; fileEncoding = 4; lastKnownFileType = sourcecode.c.h; path = BitcoinVarInt.h; sourceTree = "<group>"; };
		413C1819171B166C00EAD404 /* BitcoinVarInt.m */ = {isa = PBXFileReference; fileEncoding = 4; lastKnownFileType = sourcecode.c.objc; path = BitcoinVarInt.m; sourceTree = "<group>"; };
		413C181B171B173300EAD404 /* BitcoinAddress.h */ = {isa = PBXFileReference; fileEncoding = 4; lastKnownFileType = sourcecode.c.h; path = BitcoinAddress.h; sourceTree = "<group>"; };
		413C181C171B173300EAD404 /* BitcoinAddress.m */ = {isa = PBXFileReference; fileEncoding = 4; lastKnownFileType = sourcecode.c.objc; path = BitcoinAddress.m; sourceTree = "<group>"; };
		413C181E171BB9A100EAD404 /* NSData+Integer.h */ = {isa = PBXFileReference; fileEncoding = 4; lastKnownFileType = sourcecode.c.h; path = "NSData+Integer.h"; sourceTree = "<group>"; };
		413C181F171BB9A100EAD404 /* NSData+Integer.m */ = {isa = PBXFileReference; fileEncoding = 4; lastKnownFileType = sourcecode.c.objc; path = "NSData+Integer.m"; sourceTree = "<group>"; };
		4147F4F4172C9A5B001F5D23 /* NSString+StringToHexData.h */ = {isa = PBXFileReference; fileEncoding = 4; lastKnownFileType = sourcecode.c.h; path = "NSString+StringToHexData.h"; sourceTree = "<group>"; };
		4147F4F5172C9A5B001F5D23 /* NSString+StringToHexData.m */ = {isa = PBXFileReference; fileEncoding = 4; lastKnownFileType = sourcecode.c.objc; path = "NSString+StringToHexData.m"; sourceTree = "<group>"; };
		4147F4FA172C9AED001F5D23 /* NSData+DataToHexString.h */ = {isa = PBXFileReference; fileEncoding = 4; lastKnownFileType = sourcecode.c.h; path = "NSData+DataToHexString.h"; sourceTree = "<group>"; };
		4147F4FB172C9AED001F5D23 /* NSData+DataToHexString.m */ = {isa = PBXFileReference; fileEncoding = 4; lastKnownFileType = sourcecode.c.objc; path = "NSData+DataToHexString.m"; sourceTree = "<group>"; };
		4147F4FD172CCD57001F5D23 /* BitcoinBlockChain.h */ = {isa = PBXFileReference; fileEncoding = 4; lastKnownFileType = sourcecode.c.h; path = BitcoinBlockChain.h; sourceTree = "<group>"; };
		4147F4FE172CCD57001F5D23 /* BitcoinBlockChain.m */ = {isa = PBXFileReference; fileEncoding = 4; lastKnownFileType = sourcecode.c.objc; path = BitcoinBlockChain.m; sourceTree = "<group>"; };
		4147F500172CF0B2001F5D23 /* NSData+ReverseBytes.h */ = {isa = PBXFileReference; fileEncoding = 4; lastKnownFileType = sourcecode.c.h; path = "NSData+ReverseBytes.h"; sourceTree = "<group>"; };
		4147F501172CF0B2001F5D23 /* NSData+ReverseBytes.m */ = {isa = PBXFileReference; fileEncoding = 4; lastKnownFileType = sourcecode.c.objc; path = "NSData+ReverseBytes.m"; sourceTree = "<group>"; };
		418DFCD1171F52BA0025F3A0 /* BitcoinPeer.h */ = {isa = PBXFileReference; fileEncoding = 4; lastKnownFileType = sourcecode.c.h; path = BitcoinPeer.h; sourceTree = "<group>"; };
		418DFCD2171F52BA0025F3A0 /* BitcoinPeer.m */ = {isa = PBXFileReference; fileEncoding = 4; lastKnownFileType = sourcecode.c.objc; path = BitcoinPeer.m; sourceTree = "<group>"; };
		418DFCD4171F69D10025F3A0 /* ConnectionManager.h */ = {isa = PBXFileReference; fileEncoding = 4; lastKnownFileType = sourcecode.c.h; path = ConnectionManager.h; sourceTree = "<group>"; };
		418DFCD5171F69D10025F3A0 /* ConnectionManager.m */ = {isa = PBXFileReference; fileEncoding = 4; lastKnownFileType = sourcecode.c.objc; path = ConnectionManager.m; sourceTree = "<group>"; };
		41B756FE1712323B005931AE /* MacBitCoin.app */ = {isa = PBXFileReference; explicitFileType = wrapper.application; includeInIndex = 0; path = MacBitCoin.app; sourceTree = BUILT_PRODUCTS_DIR; };
		41B757011712323B005931AE /* Cocoa.framework */ = {isa = PBXFileReference; lastKnownFileType = wrapper.framework; name = Cocoa.framework; path = System/Library/Frameworks/Cocoa.framework; sourceTree = SDKROOT; };
		41B757041712323B005931AE /* AppKit.framework */ = {isa = PBXFileReference; lastKnownFileType = wrapper.framework; name = AppKit.framework; path = System/Library/Frameworks/AppKit.framework; sourceTree = SDKROOT; };
		41B757051712323B005931AE /* CoreData.framework */ = {isa = PBXFileReference; lastKnownFileType = wrapper.framework; name = CoreData.framework; path = System/Library/Frameworks/CoreData.framework; sourceTree = SDKROOT; };
		41B757061712323B005931AE /* Foundation.framework */ = {isa = PBXFileReference; lastKnownFileType = wrapper.framework; name = Foundation.framework; path = System/Library/Frameworks/Foundation.framework; sourceTree = SDKROOT; };
		41B757091712323B005931AE /* MacBitCoin-Info.plist */ = {isa = PBXFileReference; lastKnownFileType = text.plist.xml; path = "MacBitCoin-Info.plist"; sourceTree = "<group>"; };
		41B7570B1712323B005931AE /* en */ = {isa = PBXFileReference; lastKnownFileType = text.plist.strings; name = en; path = en.lproj/InfoPlist.strings; sourceTree = "<group>"; };
		41B7570D1712323B005931AE /* main.m */ = {isa = PBXFileReference; lastKnownFileType = sourcecode.c.objc; path = main.m; sourceTree = "<group>"; };
		41B7570F1712323B005931AE /* MacBitCoin-Prefix.pch */ = {isa = PBXFileReference; lastKnownFileType = sourcecode.c.h; path = "MacBitCoin-Prefix.pch"; sourceTree = "<group>"; };
		41B757111712323B005931AE /* en */ = {isa = PBXFileReference; lastKnownFileType = text.rtf; name = en; path = en.lproj/Credits.rtf; sourceTree = "<group>"; };
		41B757131712323B005931AE /* AppDelegate.h */ = {isa = PBXFileReference; lastKnownFileType = sourcecode.c.h; name = AppDelegate.h; path = MacBitCoin/AppDelegate.h; sourceTree = "<group>"; };
		41B757141712323B005931AE /* AppDelegate.m */ = {isa = PBXFileReference; lastKnownFileType = sourcecode.c.objc; name = AppDelegate.m; path = MacBitCoin/AppDelegate.m; sourceTree = "<group>"; };
		41B757171712323B005931AE /* en */ = {isa = PBXFileReference; lastKnownFileType = file.xib; name = en; path = en.lproj/MainMenu.xib; sourceTree = "<group>"; };
		41B7571E1712323B005931AE /* MacBitCoinTests.octest */ = {isa = PBXFileReference; explicitFileType = wrapper.cfbundle; includeInIndex = 0; path = MacBitCoinTests.octest; sourceTree = BUILT_PRODUCTS_DIR; };
		41B7571F1712323B005931AE /* SenTestingKit.framework */ = {isa = PBXFileReference; lastKnownFileType = wrapper.framework; name = SenTestingKit.framework; path = Library/Frameworks/SenTestingKit.framework; sourceTree = DEVELOPER_DIR; };
		41B757261712323B005931AE /* MacBitCoinTests-Info.plist */ = {isa = PBXFileReference; lastKnownFileType = text.plist.xml; path = "MacBitCoinTests-Info.plist"; sourceTree = "<group>"; };
		41B757281712323B005931AE /* en */ = {isa = PBXFileReference; lastKnownFileType = text.plist.strings; name = en; path = en.lproj/InfoPlist.strings; sourceTree = "<group>"; };
		41B7572A1712323B005931AE /* MacBitCoinTests.h */ = {isa = PBXFileReference; lastKnownFileType = sourcecode.c.h; path = MacBitCoinTests.h; sourceTree = "<group>"; };
		41B7572B1712323B005931AE /* MacBitCoinTests.m */ = {isa = PBXFileReference; lastKnownFileType = sourcecode.c.objc; path = MacBitCoinTests.m; sourceTree = "<group>"; };
		41DD6D861736E18D005BD347 /* MacBitCoin.entitlements */ = {isa = PBXFileReference; lastKnownFileType = text.xml; name = MacBitCoin.entitlements; path = MacBitCoin/MacBitCoin.entitlements; sourceTree = "<group>"; };
/* End PBXFileReference section */

/* Begin PBXFrameworksBuildPhase section */
		41B756FB1712323B005931AE /* Frameworks */ = {
			isa = PBXFrameworksBuildPhase;
			buildActionMask = 2147483647;
			files = (
				4138AC20171472FF0023BA3C /* Security.framework in Frameworks */,
				41B757021712323B005931AE /* Cocoa.framework in Frameworks */,
			);
			runOnlyForDeploymentPostprocessing = 0;
		};
		41B7571A1712323B005931AE /* Frameworks */ = {
			isa = PBXFrameworksBuildPhase;
			buildActionMask = 2147483647;
			files = (
				41B757201712323B005931AE /* SenTestingKit.framework in Frameworks */,
				41B757211712323B005931AE /* Cocoa.framework in Frameworks */,
			);
			runOnlyForDeploymentPostprocessing = 0;
		};
/* End PBXFrameworksBuildPhase section */

/* Begin PBXGroup section */
		4138AAA7171472270023BA3C /* Logging */ = {
			isa = PBXGroup;
			children = (
				4138AAA8171472270023BA3C /* DDAbstractDatabaseLogger.h */,
				4138AAA9171472270023BA3C /* DDAbstractDatabaseLogger.m */,
				4138AAAA171472270023BA3C /* DDASLLogger.h */,
				4138AAAB171472270023BA3C /* DDASLLogger.m */,
				4138AAAC171472270023BA3C /* DDFileLogger.h */,
				4138AAAD171472270023BA3C /* DDFileLogger.m */,
				4138AAAE171472270023BA3C /* DDLog.h */,
				4138AAAF171472270023BA3C /* DDLog.m */,
				4138AAB0171472270023BA3C /* DDTTYLogger.h */,
				4138AAB1171472270023BA3C /* DDTTYLogger.m */,
				4138AAB2171472270023BA3C /* Extensions */,
			);
			name = Logging;
			path = ../CocoaAsyncSocket/Vendor/CocoaLumberjack;
			sourceTree = "<group>";
		};
		4138AAB2171472270023BA3C /* Extensions */ = {
			isa = PBXGroup;
			children = (
				4138AAB3171472270023BA3C /* ContextFilterLogFormatter.h */,
				4138AAB4171472270023BA3C /* ContextFilterLogFormatter.m */,
				4138AAB5171472270023BA3C /* DispatchQueueLogFormatter.h */,
				4138AAB6171472270023BA3C /* DispatchQueueLogFormatter.m */,
				4138AAB7171472270023BA3C /* README.txt */,
			);
			path = Extensions;
			sourceTree = "<group>";
		};
		4138AAC0171472570023BA3C /* TCP */ = {
			isa = PBXGroup;
			children = (
				4138AAC2171472570023BA3C /* GCDAsyncSocket.h */,
				4138AAC3171472570023BA3C /* GCDAsyncSocket.m */,
			);
			name = TCP;
			path = ../CocoaAsyncSocket/GCD;
			sourceTree = "<group>";
		};
		41B756F51712323B005931AE = {
			isa = PBXGroup;
			children = (
				41B757001712323B005931AE /* Frameworks */,
				41DD6D8C17373CAC005BD347 /* GUI */,
				4138AAA7171472270023BA3C /* Logging */,
				41B757071712323B005931AE /* MacBitCoin */,
				41B757241712323B005931AE /* MacBitCoinTests */,
				41B756FF1712323B005931AE /* Products */,
				4138AAC0171472570023BA3C /* TCP */,
			);
			sourceTree = "<group>";
		};
		41B756FF1712323B005931AE /* Products */ = {
			isa = PBXGroup;
			children = (
				41B756FE1712323B005931AE /* MacBitCoin.app */,
				41B7571E1712323B005931AE /* MacBitCoinTests.octest */,
			);
			name = Products;
			sourceTree = "<group>";
		};
		41B757001712323B005931AE /* Frameworks */ = {
			isa = PBXGroup;
			children = (
				4138AC1F171472FF0023BA3C /* Security.framework */,
				41B757011712323B005931AE /* Cocoa.framework */,
				41B7571F1712323B005931AE /* SenTestingKit.framework */,
				41B757031712323B005931AE /* Other Frameworks */,
			);
			name = Frameworks;
			sourceTree = "<group>";
		};
		41B757031712323B005931AE /* Other Frameworks */ = {
			isa = PBXGroup;
			children = (
				41B757041712323B005931AE /* AppKit.framework */,
				41B757051712323B005931AE /* CoreData.framework */,
				41B757061712323B005931AE /* Foundation.framework */,
			);
			name = "Other Frameworks";
			sourceTree = "<group>";
		};
		41B757071712323B005931AE /* MacBitCoin */ = {
			isa = PBXGroup;
			children = (
				413C181B171B173300EAD404 /* BitcoinAddress.h */,
				413C181C171B173300EAD404 /* BitcoinAddress.m */,
				4104537B17208B9B0038F985 /* BitcoinAddrMessage.h */,
				4104537C17208B9B0038F985 /* BitcoinAddrMessage.m */,
				412BFD3E17225124008FF441 /* BitcoinBlock.h */,
				412BFD3F17225124008FF441 /* BitcoinBlock.m */,
				4147F4FD172CCD57001F5D23 /* BitcoinBlockChain.h */,
				4147F4FE172CCD57001F5D23 /* BitcoinBlockChain.m */,
				412BFD3A1721FB31008FF441 /* BitcoinGetblocksMessage.h */,
				412BFD3B1721FB31008FF441 /* BitcoinGetblocksMessage.m */,
				412BFD371721F5E9008FF441 /* BitcoinGetdataMessage.h */,
				412BFD381721F5E9008FF441 /* BitcoinGetdataMessage.m */,
				412BFD41172503F8008FF441 /* BitcoinHeadersMessage.h */,
				412BFD42172503F8008FF441 /* BitcoinHeadersMessage.m */,
				4104538117209E7A0038F985 /* BitcoinInventoryVector.h */,
				4104538217209E7A0038F985 /* BitcoinInventoryVector.m */,
				4104537E17209DDB0038F985 /* BitcoinInvMessage.h */,
				4104537F17209DDB0038F985 /* BitcoinInvMessage.m */,
				413C1812171A24E900EAD404 /* BitcoinMessageHeader.h */,
				413C1813171A24E900EAD404 /* BitcoinMessageHeader.m */,
				418DFCD1171F52BA0025F3A0 /* BitcoinPeer.h */,
				418DFCD2171F52BA0025F3A0 /* BitcoinPeer.m */,
				412BFD5E1728374D008FF441 /* BitcoinTransaction.h */,
				412BFD5F1728374E008FF441 /* BitcoinTransaction.m */,
				413C1818171B166C00EAD404 /* BitcoinVarInt.h */,
				413C1819171B166C00EAD404 /* BitcoinVarInt.m */,
				413C1815171A43D700EAD404 /* BitcoinVersionMessage.h */,
				413C1816171A43D700EAD404 /* BitcoinVersionMessage.m */,
				418DFCD4171F69D10025F3A0 /* ConnectionManager.h */,
				418DFCD5171F69D10025F3A0 /* ConnectionManager.m */,
				412BFD3D17224AD1008FF441 /* Definitions.h */,
				4138AC211715C6290023BA3C /* NSData+CryptoHashing.h */,
				4138AC221715C6290023BA3C /* NSData+CryptoHashing.m */,
				4147F4FA172C9AED001F5D23 /* NSData+DataToHexString.h */,
				4147F4FB172C9AED001F5D23 /* NSData+DataToHexString.m */,
				413C181E171BB9A100EAD404 /* NSData+Integer.h */,
				413C181F171BB9A100EAD404 /* NSData+Integer.m */,
				4147F500172CF0B2001F5D23 /* NSData+ReverseBytes.h */,
				4147F501172CF0B2001F5D23 /* NSData+ReverseBytes.m */,
				4147F4F4172C9A5B001F5D23 /* NSString+StringToHexData.h */,
				4147F4F5172C9A5B001F5D23 /* NSString+StringToHexData.m */,
			);
			path = MacBitCoin;
			sourceTree = "<group>";
		};
		41B757081712323B005931AE /* Supporting Files */ = {
			isa = PBXGroup;
			children = (
				41B757091712323B005931AE /* MacBitCoin-Info.plist */,
				41B7570A1712323B005931AE /* InfoPlist.strings */,
				41B7570D1712323B005931AE /* main.m */,
				41B7570F1712323B005931AE /* MacBitCoin-Prefix.pch */,
				41B757101712323B005931AE /* Credits.rtf */,
			);
			name = "Supporting Files";
			path = MacBitCoin;
			sourceTree = "<group>";
		};
		41B757241712323B005931AE /* MacBitCoinTests */ = {
			isa = PBXGroup;
			children = (
				41B7572A1712323B005931AE /* MacBitCoinTests.h */,
				41B7572B1712323B005931AE /* MacBitCoinTests.m */,
				41B757251712323B005931AE /* Supporting Files */,
			);
			path = MacBitCoinTests;
			sourceTree = "<group>";
		};
		41B757251712323B005931AE /* Supporting Files */ = {
			isa = PBXGroup;
			children = (
				41B757261712323B005931AE /* MacBitCoinTests-Info.plist */,
				41B757271712323B005931AE /* InfoPlist.strings */,
			);
			name = "Supporting Files";
			sourceTree = "<group>";
		};
		41DD6D8C17373CAC005BD347 /* GUI */ = {
			isa = PBXGroup;
			children = (
				41B757131712323B005931AE /* AppDelegate.h */,
				41B757141712323B005931AE /* AppDelegate.m */,
				41DD6D861736E18D005BD347 /* MacBitCoin.entitlements */,
				41B757161712323B005931AE /* MainMenu.xib */,
				41B757081712323B005931AE /* Supporting Files */,
			);
			name = GUI;
			sourceTree = "<group>";
		};
/* End PBXGroup section */

/* Begin PBXNativeTarget section */
		41B756FD1712323B005931AE /* MacBitCoin */ = {
			isa = PBXNativeTarget;
			buildConfigurationList = 41B7572F1712323B005931AE /* Build configuration list for PBXNativeTarget "MacBitCoin" */;
			buildPhases = (
				41B756FA1712323B005931AE /* Sources */,
				41B756FB1712323B005931AE /* Frameworks */,
				41B756FC1712323B005931AE /* Resources */,
			);
			buildRules = (
			);
			dependencies = (
			);
			name = MacBitCoin;
			productName = MacBitCoin;
			productReference = 41B756FE1712323B005931AE /* MacBitCoin.app */;
			productType = "com.apple.product-type.application";
		};
		41B7571D1712323B005931AE /* MacBitCoinTests */ = {
			isa = PBXNativeTarget;
			buildConfigurationList = 41B757321712323B005931AE /* Build configuration list for PBXNativeTarget "MacBitCoinTests" */;
			buildPhases = (
				41B757191712323B005931AE /* Sources */,
				41B7571A1712323B005931AE /* Frameworks */,
				41B7571B1712323B005931AE /* Resources */,
				41B7571C1712323B005931AE /* ShellScript */,
			);
			buildRules = (
			);
			dependencies = (
				41B757231712323B005931AE /* PBXTargetDependency */,
			);
			name = MacBitCoinTests;
			productName = MacBitCoinTests;
			productReference = 41B7571E1712323B005931AE /* MacBitCoinTests.octest */;
			productType = "com.apple.product-type.bundle";
		};
/* End PBXNativeTarget section */

/* Begin PBXProject section */
		41B756F61712323B005931AE /* Project object */ = {
			isa = PBXProject;
			attributes = {
				LastUpgradeCheck = 0500;
				ORGANIZATIONNAME = "Myles Grant";
			};
			buildConfigurationList = 41B756F91712323B005931AE /* Build configuration list for PBXProject "MacBitCoin" */;
			compatibilityVersion = "Xcode 3.2";
			developmentRegion = English;
			hasScannedForEncodings = 0;
			knownRegions = (
				en,
				English,
			);
			mainGroup = 41B756F51712323B005931AE;
			productRefGroup = 41B756FF1712323B005931AE /* Products */;
			projectDirPath = "";
			projectRoot = "";
			targets = (
				41B756FD1712323B005931AE /* MacBitCoin */,
				41B7571D1712323B005931AE /* MacBitCoinTests */,
			);
		};
/* End PBXProject section */

/* Begin PBXResourcesBuildPhase section */
		41B756FC1712323B005931AE /* Resources */ = {
			isa = PBXResourcesBuildPhase;
			buildActionMask = 2147483647;
			files = (
				41B7570C1712323B005931AE /* InfoPlist.strings in Resources */,
				41B757121712323B005931AE /* Credits.rtf in Resources */,
				41B757181712323B005931AE /* MainMenu.xib in Resources */,
			);
			runOnlyForDeploymentPostprocessing = 0;
		};
		41B7571B1712323B005931AE /* Resources */ = {
			isa = PBXResourcesBuildPhase;
			buildActionMask = 2147483647;
			files = (
				41B757291712323B005931AE /* InfoPlist.strings in Resources */,
			);
			runOnlyForDeploymentPostprocessing = 0;
		};
/* End PBXResourcesBuildPhase section */

/* Begin PBXShellScriptBuildPhase section */
		41B7571C1712323B005931AE /* ShellScript */ = {
			isa = PBXShellScriptBuildPhase;
			buildActionMask = 2147483647;
			files = (
			);
			inputPaths = (
			);
			outputPaths = (
			);
			runOnlyForDeploymentPostprocessing = 0;
			shellPath = /bin/sh;
			shellScript = "# Run the unit tests in this test bundle.\n\"${SYSTEM_DEVELOPER_DIR}/Tools/RunUnitTests\"\n";
		};
/* End PBXShellScriptBuildPhase section */

/* Begin PBXSourcesBuildPhase section */
		41B756FA1712323B005931AE /* Sources */ = {
			isa = PBXSourcesBuildPhase;
			buildActionMask = 2147483647;
			files = (
				41B7570E1712323B005931AE /* main.m in Sources */,
				41B757151712323B005931AE /* AppDelegate.m in Sources */,
				4138AAB8171472270023BA3C /* DDAbstractDatabaseLogger.m in Sources */,
				4138AAB9171472270023BA3C /* DDASLLogger.m in Sources */,
				4138AABA171472270023BA3C /* DDFileLogger.m in Sources */,
				4138AABB171472270023BA3C /* DDLog.m in Sources */,
				4138AABC171472270023BA3C /* DDTTYLogger.m in Sources */,
				4138AABD171472270023BA3C /* ContextFilterLogFormatter.m in Sources */,
				4138AABE171472270023BA3C /* DispatchQueueLogFormatter.m in Sources */,
				4138ABA2171472580023BA3C /* GCDAsyncSocket.m in Sources */,
				4138AC231715C6290023BA3C /* NSData+CryptoHashing.m in Sources */,
				413C1814171A24E900EAD404 /* BitcoinMessageHeader.m in Sources */,
				413C1817171A43D700EAD404 /* BitcoinVersionMessage.m in Sources */,
				413C181A171B166C00EAD404 /* BitcoinVarInt.m in Sources */,
				413C181D171B173300EAD404 /* BitcoinAddress.m in Sources */,
				413C1820171BB9A100EAD404 /* NSData+Integer.m in Sources */,
				418DFCD3171F52BA0025F3A0 /* BitcoinPeer.m in Sources */,
				418DFCD6171F69D10025F3A0 /* ConnectionManager.m in Sources */,
				4104537D17208B9B0038F985 /* BitcoinAddrMessage.m in Sources */,
				4104538017209DDB0038F985 /* BitcoinInvMessage.m in Sources */,
				4104538317209E7A0038F985 /* BitcoinInventoryVector.m in Sources */,
				412BFD391721F5E9008FF441 /* BitcoinGetdataMessage.m in Sources */,
				412BFD3C1721FB32008FF441 /* BitcoinGetblocksMessage.m in Sources */,
				412BFD4017225125008FF441 /* BitcoinBlock.m in Sources */,
				412BFD43172503F8008FF441 /* BitcoinHeadersMessage.m in Sources */,
				412BFD601728374E008FF441 /* BitcoinTransaction.m in Sources */,
				4147F4F6172C9A5B001F5D23 /* NSString+StringToHexData.m in Sources */,
				4147F4FC172C9AED001F5D23 /* NSData+DataToHexString.m in Sources */,
				4147F4FF172CCD58001F5D23 /* BitcoinBlockChain.m in Sources */,
				4147F502172CF0B2001F5D23 /* NSData+ReverseBytes.m in Sources */,
			);
			runOnlyForDeploymentPostprocessing = 0;
		};
		41B757191712323B005931AE /* Sources */ = {
			isa = PBXSourcesBuildPhase;
			buildActionMask = 2147483647;
			files = (
				41B7572C1712323B005931AE /* MacBitCoinTests.m in Sources */,
			);
			runOnlyForDeploymentPostprocessing = 0;
		};
/* End PBXSourcesBuildPhase section */

/* Begin PBXTargetDependency section */
		41B757231712323B005931AE /* PBXTargetDependency */ = {
			isa = PBXTargetDependency;
			target = 41B756FD1712323B005931AE /* MacBitCoin */;
			targetProxy = 41B757221712323B005931AE /* PBXContainerItemProxy */;
		};
/* End PBXTargetDependency section */

/* Begin PBXVariantGroup section */
		41B7570A1712323B005931AE /* InfoPlist.strings */ = {
			isa = PBXVariantGroup;
			children = (
				41B7570B1712323B005931AE /* en */,
			);
			name = InfoPlist.strings;
			sourceTree = "<group>";
		};
		41B757101712323B005931AE /* Credits.rtf */ = {
			isa = PBXVariantGroup;
			children = (
				41B757111712323B005931AE /* en */,
			);
			name = Credits.rtf;
			sourceTree = "<group>";
		};
		41B757161712323B005931AE /* MainMenu.xib */ = {
			isa = PBXVariantGroup;
			children = (
				41B757171712323B005931AE /* en */,
			);
			name = MainMenu.xib;
			path = MacBitCoin;
			sourceTree = "<group>";
		};
		41B757271712323B005931AE /* InfoPlist.strings */ = {
			isa = PBXVariantGroup;
			children = (
				41B757281712323B005931AE /* en */,
			);
			name = InfoPlist.strings;
			sourceTree = "<group>";
		};
/* End PBXVariantGroup section */

/* Begin XCBuildConfiguration section */
		41B7572D1712323B005931AE /* Debug */ = {
			isa = XCBuildConfiguration;
			buildSettings = {
				ALWAYS_SEARCH_USER_PATHS = NO;
				CLANG_CXX_LANGUAGE_STANDARD = "gnu++0x";
				CLANG_CXX_LIBRARY = "libc++";
				CLANG_ENABLE_OBJC_ARC = YES;
				CLANG_WARN_CONSTANT_CONVERSION = YES;
				CLANG_WARN_EMPTY_BODY = YES;
				CLANG_WARN_ENUM_CONVERSION = YES;
				CLANG_WARN_INT_CONVERSION = YES;
				CLANG_WARN__DUPLICATE_METHOD_MATCH = YES;
				CODE_SIGN_ENTITLEMENTS = "";
				COPY_PHASE_STRIP = NO;
				GCC_C_LANGUAGE_STANDARD = gnu99;
				GCC_DYNAMIC_NO_PIC = NO;
				GCC_ENABLE_OBJC_EXCEPTIONS = YES;
				GCC_OPTIMIZATION_LEVEL = 0;
				GCC_PREPROCESSOR_DEFINITIONS = (
					"DEBUG=1",
					"$(inherited)",
				);
				GCC_SYMBOLS_PRIVATE_EXTERN = NO;
				GCC_WARN_64_TO_32_BIT_CONVERSION = YES;
				GCC_WARN_ABOUT_RETURN_TYPE = YES;
				GCC_WARN_UNINITIALIZED_AUTOS = YES;
				GCC_WARN_UNUSED_VARIABLE = YES;
				MACOSX_DEPLOYMENT_TARGET = 10.8;
				ONLY_ACTIVE_ARCH = YES;
				SDKROOT = macosx;
			};
			name = Debug;
		};
		41B7572E1712323B005931AE /* Release */ = {
			isa = XCBuildConfiguration;
			buildSettings = {
				ALWAYS_SEARCH_USER_PATHS = NO;
				CLANG_CXX_LANGUAGE_STANDARD = "gnu++0x";
				CLANG_CXX_LIBRARY = "libc++";
				CLANG_ENABLE_OBJC_ARC = YES;
				CLANG_WARN_CONSTANT_CONVERSION = YES;
				CLANG_WARN_EMPTY_BODY = YES;
				CLANG_WARN_ENUM_CONVERSION = YES;
				CLANG_WARN_INT_CONVERSION = YES;
				CLANG_WARN__DUPLICATE_METHOD_MATCH = YES;
				CODE_SIGN_ENTITLEMENTS = "";
				COPY_PHASE_STRIP = YES;
				DEBUG_INFORMATION_FORMAT = "dwarf-with-dsym";
				GCC_C_LANGUAGE_STANDARD = gnu99;
				GCC_ENABLE_OBJC_EXCEPTIONS = YES;
				GCC_WARN_64_TO_32_BIT_CONVERSION = YES;
				GCC_WARN_ABOUT_RETURN_TYPE = YES;
				GCC_WARN_UNINITIALIZED_AUTOS = YES;
				GCC_WARN_UNUSED_VARIABLE = YES;
				MACOSX_DEPLOYMENT_TARGET = 10.8;
				SDKROOT = macosx;
			};
			name = Release;
		};
		41B757301712323B005931AE /* Debug */ = {
			isa = XCBuildConfiguration;
			buildSettings = {
				CODE_SIGN_ENTITLEMENTS = MacBitCoin/MacBitCoin.entitlements;
				CODE_SIGN_IDENTITY = "Mac Developer";
				COMBINE_HIDPI_IMAGES = YES;
				GCC_PRECOMPILE_PREFIX_HEADER = YES;
				GCC_PREFIX_HEADER = "MacBitCoin/MacBitCoin-Prefix.pch";
				INFOPLIST_FILE = "MacBitCoin/MacBitCoin-Info.plist";
				PRODUCT_NAME = "$(TARGET_NAME)";
				WRAPPER_EXTENSION = app;
			};
			name = Debug;
		};
		41B757311712323B005931AE /* Release */ = {
			isa = XCBuildConfiguration;
			buildSettings = {
				CODE_SIGN_ENTITLEMENTS = MacBitCoin/MacBitCoin.entitlements;
				CODE_SIGN_IDENTITY = "Mac Developer";
				COMBINE_HIDPI_IMAGES = YES;
				GCC_PRECOMPILE_PREFIX_HEADER = YES;
				GCC_PREFIX_HEADER = "MacBitCoin/MacBitCoin-Prefix.pch";
				INFOPLIST_FILE = "MacBitCoin/MacBitCoin-Info.plist";
				PRODUCT_NAME = "$(TARGET_NAME)";
				WRAPPER_EXTENSION = app;
			};
			name = Release;
		};
		41B757331712323B005931AE /* Debug */ = {
			isa = XCBuildConfiguration;
			buildSettings = {
				BUNDLE_LOADER = "$(BUILT_PRODUCTS_DIR)/MacBitCoin.app/Contents/MacOS/MacBitCoin";
				COMBINE_HIDPI_IMAGES = YES;
				FRAMEWORK_SEARCH_PATHS = "\"$(DEVELOPER_LIBRARY_DIR)/Frameworks\"";
				GCC_PRECOMPILE_PREFIX_HEADER = YES;
				GCC_PREFIX_HEADER = "MacBitCoin/MacBitCoin-Prefix.pch";
				INFOPLIST_FILE = "MacBitCoinTests/MacBitCoinTests-Info.plist";
				PRODUCT_NAME = "$(TARGET_NAME)";
				TEST_HOST = "$(BUNDLE_LOADER)";
				WRAPPER_EXTENSION = octest;
			};
			name = Debug;
		};
		41B757341712323B005931AE /* Release */ = {
			isa = XCBuildConfiguration;
			buildSettings = {
				BUNDLE_LOADER = "$(BUILT_PRODUCTS_DIR)/MacBitCoin.app/Contents/MacOS/MacBitCoin";
				COMBINE_HIDPI_IMAGES = YES;
				FRAMEWORK_SEARCH_PATHS = "\"$(DEVELOPER_LIBRARY_DIR)/Frameworks\"";
				GCC_PRECOMPILE_PREFIX_HEADER = YES;
				GCC_PREFIX_HEADER = "MacBitCoin/MacBitCoin-Prefix.pch";
				INFOPLIST_FILE = "MacBitCoinTests/MacBitCoinTests-Info.plist";
				PRODUCT_NAME = "$(TARGET_NAME)";
				TEST_HOST = "$(BUNDLE_LOADER)";
				WRAPPER_EXTENSION = octest;
			};
			name = Release;
		};
/* End XCBuildConfiguration section */

/* Begin XCConfigurationList section */
		41B756F91712323B005931AE /* Build configuration list for PBXProject "MacBitCoin" */ = {
			isa = XCConfigurationList;
			buildConfigurations = (
				41B7572D1712323B005931AE /* Debug */,
				41B7572E1712323B005931AE /* Release */,
			);
			defaultConfigurationIsVisible = 0;
			defaultConfigurationName = Release;
		};
		41B7572F1712323B005931AE /* Build configuration list for PBXNativeTarget "MacBitCoin" */ = {
			isa = XCConfigurationList;
			buildConfigurations = (
				41B757301712323B005931AE /* Debug */,
				41B757311712323B005931AE /* Release */,
			);
			defaultConfigurationIsVisible = 0;
			defaultConfigurationName = Release;
		};
		41B757321712323B005931AE /* Build configuration list for PBXNativeTarget "MacBitCoinTests" */ = {
			isa = XCConfigurationList;
			buildConfigurations = (
				41B757331712323B005931AE /* Debug */,
				41B757341712323B005931AE /* Release */,
			);
			defaultConfigurationIsVisible = 0;
			defaultConfigurationName = Release;
		};
/* End XCConfigurationList section */
	};
	rootObject = 41B756F61712323B005931AE /* Project object */;
}
